
Microsoft Visual Studio Solution File, Format Version 12.00
# Visual Studio Version 17
VisualStudioVersion = 17.3.32825.248
MinimumVisualStudioVersion = 10.0.40219.1
Project("{FAE04EC0-301F-11D3-BF4B-00C04F79EFBC}") = "PersonClass", "PersonClass\PersonClass.csproj", "{1E050A16-3A8F-41EA-BFFF-F2EFC790B94F}"
EndProject
Global
	GlobalSection(SolutionConfigurationPlatforms) = preSolution
		Debug|Any CPU = Debug|Any CPU
		Release|Any CPU = Release|Any CPU
	EndGlobalSection
	GlobalSection(ProjectConfigurationPlatforms) = postSolution
		{1E050A16-3A8F-41EA-BFFF-F2EFC790B94F}.Debug|Any CPU.ActiveCfg = Debug|Any CPU
		{1E050A16-3A8F-41EA-BFFF-F2EFC790B94F}.Debug|Any CPU.Build.0 = Debug|Any CPU
		{1E050A16-3A8F-41EA-BFFF-F2EFC790B94F}.Release|Any CPU.ActiveCfg = Release|Any CPU
		{1E050A16-3A8F-41EA-BFFF-F2EFC790B94F}.Release|Any CPU.Build.0 = Release|Any CPU
	EndGlobalSection
	GlobalSection(SolutionProperties) = preSolution
		HideSolutionNode = FALSE
	EndGlobalSection
	GlobalSection(ExtensibilityGlobals) = postSolution
		SolutionGuid = {C75D5A7F-2C78-4ABB-B032-5FBAE2C880A0}
	EndGlobalSection
EndGlobal
